
Microsoft Visual Studio Solution File, Format Version 12.00
# Visual Studio Version 17
VisualStudioVersion = 17.7.34202.233
MinimumVisualStudioVersion = 10.0.40219.1
Project("{8BC9CEB8-8B4A-11D0-8D11-00A0C91BC942}") = "DistanceClass", "DistanceClass\DistanceClass.vcxproj", "{460F4734-B7BB-41EE-A2FA-88EB0CAD068F}"
EndProject
Global
	GlobalSection(SolutionConfigurationPlatforms) = preSolution
		Debug|x64 = Debug|x64
		Debug|x86 = Debug|x86
		Release|x64 = Release|x64
		Release|x86 = Release|x86
	EndGlobalSection
	GlobalSection(ProjectConfigurationPlatforms) = postSolution
		{460F4734-B7BB-41EE-A2FA-88EB0CAD068F}.Debug|x64.ActiveCfg = Debug|x64
		{460F4734-B7BB-41EE-A2FA-88EB0CAD068F}.Debug|x64.Build.0 = Debug|x64
		{460F4734-B7BB-41EE-A2FA-88EB0CAD068F}.Debug|x86.ActiveCfg = Debug|Win32
		{460F4734-B7BB-41EE-A2FA-88EB0CAD068F}.Debug|x86.Build.0 = Debug|Win32
		{460F4734-B7BB-41EE-A2FA-88EB0CAD068F}.Release|x64.ActiveCfg = Release|x64
		{460F4734-B7BB-41EE-A2FA-88EB0CAD068F}.Release|x64.Build.0 = Release|x64
		{460F4734-B7BB-41EE-A2FA-88EB0CAD068F}.Release|x86.ActiveCfg = Release|Win32
		{460F4734-B7BB-41EE-A2FA-88EB0CAD068F}.Release|x86.Build.0 = Release|Win32
	EndGlobalSection
	GlobalSection(SolutionProperties) = preSolution
		HideSolutionNode = FALSE
	EndGlobalSection
	GlobalSection(ExtensibilityGlobals) = postSolution
		SolutionGuid = {BCDE7FDD-A71B-46BA-9D15-7388BEB81D4A}
	EndGlobalSection
EndGlobal
