
Microsoft Visual Studio Solution File, Format Version 12.00
# Visual Studio Version 17
VisualStudioVersion = 17.7.34202.233
MinimumVisualStudioVersion = 10.0.40219.1
Project("{8BC9CEB8-8B4A-11D0-8D11-00A0C91BC942}") = "Exercise9.8", "Exercise9.8\Exercise9.8.vcxproj", "{9563F478-610E-4179-B9BF-3C37CBC9C3D4}"
EndProject
Global
	GlobalSection(SolutionConfigurationPlatforms) = preSolution
		Debug|x64 = Debug|x64
		Debug|x86 = Debug|x86
		Release|x64 = Release|x64
		Release|x86 = Release|x86
	EndGlobalSection
	GlobalSection(ProjectConfigurationPlatforms) = postSolution
		{9563F478-610E-4179-B9BF-3C37CBC9C3D4}.Debug|x64.ActiveCfg = Debug|x64
		{9563F478-610E-4179-B9BF-3C37CBC9C3D4}.Debug|x64.Build.0 = Debug|x64
		{9563F478-610E-4179-B9BF-3C37CBC9C3D4}.Debug|x86.ActiveCfg = Debug|Win32
		{9563F478-610E-4179-B9BF-3C37CBC9C3D4}.Debug|x86.Build.0 = Debug|Win32
		{9563F478-610E-4179-B9BF-3C37CBC9C3D4}.Release|x64.ActiveCfg = Release|x64
		{9563F478-610E-4179-B9BF-3C37CBC9C3D4}.Release|x64.Build.0 = Release|x64
		{9563F478-610E-4179-B9BF-3C37CBC9C3D4}.Release|x86.ActiveCfg = Release|Win32
		{9563F478-610E-4179-B9BF-3C37CBC9C3D4}.Release|x86.Build.0 = Release|Win32
	EndGlobalSection
	GlobalSection(SolutionProperties) = preSolution
		HideSolutionNode = FALSE
	EndGlobalSection
	GlobalSection(ExtensibilityGlobals) = postSolution
		SolutionGuid = {EFD8EBAF-5EC6-4EFF-A060-FF95266CD90F}
	EndGlobalSection
EndGlobal
